Microsoft Visual Studio Solution File, Format Version 8.00
Project("{FAE04EC0-301F-11D3-BF4B-00C04F79EFBC}") = "LoanetService", "LoanetService.csproj", "{236610F7-7251-4B22-BFC1-EB3742A36AF7}"
	ProjectSection(ProjectDependencies) = postProject
	EndProjectSection
EndProject
Project("{FAE04EC0-301F-11D3-BF4B-00C04F79EFBC}") = "LoanetServer", "..\LoanetServer\LoanetServer.csproj", "{7BAD1642-E189-4A05-9F07-96F54B6593AD}"
	ProjectSection(ProjectDependencies) = postProject
	EndProjectSection
EndProject
Project("{FAE04EC0-301F-11D3-BF4B-00C04F79EFBC}") = "Loanet", "..\Loanet\Loanet.csproj", "{72C22D94-1B70-4AC0-9E96-DECBDF4FEC73}"
	ProjectSection(ProjectDependencies) = postProject
	EndProjectSection
EndProject
Project("{FAE04EC0-301F-11D3-BF4B-00C04F79EFBC}") = "Process", "..\Process\Process.csproj", "{E80C0B0F-DA0D-4B72-85A2-183D96613175}"
	ProjectSection(ProjectDependencies) = postProject
	EndProjectSection
EndProject
Project("{FAE04EC0-301F-11D3-BF4B-00C04F79EFBC}") = "Common", "..\Common\Common.csproj", "{51D7F048-02E1-49F8-BA33-743E3E5373F7}"
	ProjectSection(ProjectDependencies) = postProject
	EndProjectSection
EndProject
Project("{FAE04EC0-301F-11D3-BF4B-00C04F79EFBC}") = "Filer", "..\Filer\Filer.csproj", "{BADFA01C-F61F-48A0-B785-033BBE0364DC}"
	ProjectSection(ProjectDependencies) = postProject
	EndProjectSection
EndProject
Global
	GlobalSection(SolutionConfiguration) = preSolution
		Debug = Debug
		Release = Release
	EndGlobalSection
	GlobalSection(ProjectConfiguration) = postSolution
		{236610F7-7251-4B22-BFC1-EB3742A36AF7}.Debug.ActiveCfg = Debug|.NET
		{236610F7-7251-4B22-BFC1-EB3742A36AF7}.Debug.Build.0 = Debug|.NET
		{236610F7-7251-4B22-BFC1-EB3742A36AF7}.Release.ActiveCfg = Release|.NET
		{236610F7-7251-4B22-BFC1-EB3742A36AF7}.Release.Build.0 = Release|.NET
		{7BAD1642-E189-4A05-9F07-96F54B6593AD}.Debug.ActiveCfg = Debug|.NET
		{7BAD1642-E189-4A05-9F07-96F54B6593AD}.Debug.Build.0 = Debug|.NET
		{7BAD1642-E189-4A05-9F07-96F54B6593AD}.Release.ActiveCfg = Release|.NET
		{7BAD1642-E189-4A05-9F07-96F54B6593AD}.Release.Build.0 = Release|.NET
		{72C22D94-1B70-4AC0-9E96-DECBDF4FEC73}.Debug.ActiveCfg = Debug|.NET
		{72C22D94-1B70-4AC0-9E96-DECBDF4FEC73}.Debug.Build.0 = Debug|.NET
		{72C22D94-1B70-4AC0-9E96-DECBDF4FEC73}.Release.ActiveCfg = Release|.NET
		{72C22D94-1B70-4AC0-9E96-DECBDF4FEC73}.Release.Build.0 = Release|.NET
		{E80C0B0F-DA0D-4B72-85A2-183D96613175}.Debug.ActiveCfg = Debug|.NET
		{E80C0B0F-DA0D-4B72-85A2-183D96613175}.Debug.Build.0 = Debug|.NET
		{E80C0B0F-DA0D-4B72-85A2-183D96613175}.Release.ActiveCfg = Release|.NET
		{E80C0B0F-DA0D-4B72-85A2-183D96613175}.Release.Build.0 = Release|.NET
		{51D7F048-02E1-49F8-BA33-743E3E5373F7}.Debug.ActiveCfg = Debug|.NET
		{51D7F048-02E1-49F8-BA33-743E3E5373F7}.Debug.Build.0 = Debug|.NET
		{51D7F048-02E1-49F8-BA33-743E3E5373F7}.Release.ActiveCfg = Release|.NET
		{51D7F048-02E1-49F8-BA33-743E3E5373F7}.Release.Build.0 = Release|.NET
		{BADFA01C-F61F-48A0-B785-033BBE0364DC}.Debug.ActiveCfg = Debug|.NET
		{BADFA01C-F61F-48A0-B785-033BBE0364DC}.Debug.Build.0 = Debug|.NET
		{BADFA01C-F61F-48A0-B785-033BBE0364DC}.Release.ActiveCfg = Release|.NET
		{BADFA01C-F61F-48A0-B785-033BBE0364DC}.Release.Build.0 = Release|.NET
	EndGlobalSection
	GlobalSection(ExtensibilityGlobals) = postSolution
	EndGlobalSection
	GlobalSection(ExtensibilityAddIns) = postSolution
	EndGlobalSection
EndGlobal
