
Microsoft Visual Studio Solution File, Format Version 11.00
# Visual Studio 2010
Project("{FAE04EC0-301F-11D3-BF4B-00C04F79EFBC}") = "ShortSaleLocatesClient", "ShortSaleLocatesClient\ShortSaleLocatesClient.csproj", "{a14ceaec-bba3-48b0-b380-35243b80a448}"
EndProject
Global
	GlobalSection(SolutionConfigurationPlatforms) = preSolution
		Debug|Any CPU = Debug|Any CPU
		Release|Any CPU = Release|Any CPU
	EndGlobalSection
	GlobalSection(ProjectConfigurationPlatforms) = postSolution
		{A14CEAEC-BBA3-48B0-B380-35243B80A448}.Debug|Any CPU.ActiveCfg = Debug|Any CPU
		{A14CEAEC-BBA3-48B0-B380-35243B80A448}.Debug|Any CPU.Build.0 = Debug|Any CPU
		{A14CEAEC-BBA3-48B0-B380-35243B80A448}.Release|Any CPU.ActiveCfg = Release|Any CPU
		{A14CEAEC-BBA3-48B0-B380-35243B80A448}.Release|Any CPU.Build.0 = Release|Any CPU
	EndGlobalSection
EndGlobal
