Microsoft Visual Studio Solution File, Format Version 11.00
# Visual Studio 2010
Project("{FAE04EC0-301F-11D3-BF4B-00C04F79EFBC}") = "MemoSegData", "..\MemoSegData\MemoSegData.csproj", "{863D23F7-042C-4A17-8A13-76370F6238C6}"
EndProject
Project("{FAE04EC0-301F-11D3-BF4B-00C04F79EFBC}") = "DatabaseFunctions", "..\DatabaseFunctions\DatabaseFunctions.csproj", "{629E4B6B-8713-48E9-9F7B-B9D7E330FA75}"
EndProject
Project("{FAE04EC0-301F-11D3-BF4B-00C04F79EFBC}") = "Common", "..\..\Common\Common.csproj", "{51D7F048-02E1-49F8-BA33-743E3E5373F7}"
EndProject
Project("{FAE04EC0-301F-11D3-BF4B-00C04F79EFBC}") = "MemoSegDataService", "MemoSegDataService.csproj", "{30564E74-CCAB-4162-9120-DEC88C34C09F}"
EndProject
Global
	GlobalSection(SolutionConfigurationPlatforms) = preSolution
		Debug|Any CPU = Debug|Any CPU
		Release|Any CPU = Release|Any CPU
	EndGlobalSection
	GlobalSection(ProjectConfigurationPlatforms) = postSolution
		{863D23F7-042C-4A17-8A13-76370F6238C6}.Debug|Any CPU.ActiveCfg = Debug|Any CPU
		{863D23F7-042C-4A17-8A13-76370F6238C6}.Debug|Any CPU.Build.0 = Debug|Any CPU
		{863D23F7-042C-4A17-8A13-76370F6238C6}.Release|Any CPU.ActiveCfg = Release|Any CPU
		{863D23F7-042C-4A17-8A13-76370F6238C6}.Release|Any CPU.Build.0 = Release|Any CPU
		{629E4B6B-8713-48E9-9F7B-B9D7E330FA75}.Debug|Any CPU.ActiveCfg = Debug|Any CPU
		{629E4B6B-8713-48E9-9F7B-B9D7E330FA75}.Debug|Any CPU.Build.0 = Debug|Any CPU
		{629E4B6B-8713-48E9-9F7B-B9D7E330FA75}.Release|Any CPU.ActiveCfg = Release|Any CPU
		{629E4B6B-8713-48E9-9F7B-B9D7E330FA75}.Release|Any CPU.Build.0 = Release|Any CPU
		{51D7F048-02E1-49F8-BA33-743E3E5373F7}.Debug|Any CPU.ActiveCfg = Debug|Any CPU
		{51D7F048-02E1-49F8-BA33-743E3E5373F7}.Debug|Any CPU.Build.0 = Debug|Any CPU
		{51D7F048-02E1-49F8-BA33-743E3E5373F7}.Release|Any CPU.ActiveCfg = Release|Any CPU
		{51D7F048-02E1-49F8-BA33-743E3E5373F7}.Release|Any CPU.Build.0 = Release|Any CPU
		{30564E74-CCAB-4162-9120-DEC88C34C09F}.Debug|Any CPU.ActiveCfg = Debug|Any CPU
		{30564E74-CCAB-4162-9120-DEC88C34C09F}.Debug|Any CPU.Build.0 = Debug|Any CPU
		{30564E74-CCAB-4162-9120-DEC88C34C09F}.Release|Any CPU.ActiveCfg = Release|Any CPU
		{30564E74-CCAB-4162-9120-DEC88C34C09F}.Release|Any CPU.Build.0 = Release|Any CPU
	EndGlobalSection
	GlobalSection(SolutionProperties) = preSolution
		HideSolutionNode = FALSE
	EndGlobalSection
EndGlobal
