
Microsoft Visual Studio Solution File, Format Version 12.00
# Visual Studio 2012
Project("{E24C65DC-7377-472B-9ABA-BC803B73C61A}") = "DashApplicationSite", "DashApplicationSite\", "{E0EB23F5-5076-4698-94A0-585E5EDAE695}"
	ProjectSection(WebsiteProperties) = preProject
		Debug.AspNetCompiler.Debug = "True"
		Debug.AspNetCompiler.FixedNames = "false"
		Debug.AspNetCompiler.ForceOverwrite = "true"
		Debug.AspNetCompiler.PhysicalPath = "DashApplicationSite\"
		Debug.AspNetCompiler.TargetPath = "PrecompiledWeb\DashApplicationSite\"
		Debug.AspNetCompiler.Updateable = "true"
		Debug.AspNetCompiler.VirtualPath = "/DashApplicationSite"
		ProjOutputReferences = "{ca449dea-c5cf-4d41-9a94-3583de98415f}|ClientBin|false;"
		Release.AspNetCompiler.Debug = "False"
		Release.AspNetCompiler.FixedNames = "false"
		Release.AspNetCompiler.ForceOverwrite = "true"
		Release.AspNetCompiler.PhysicalPath = "DashApplicationSite\"
		Release.AspNetCompiler.TargetPath = "PrecompiledWeb\DashApplicationSite\"
		Release.AspNetCompiler.Updateable = "true"
		Release.AspNetCompiler.VirtualPath = "/DashApplicationSite"
		TargetFrameworkMoniker = ".NETFramework,Version%3Dv4.0"
		VWDPort = "3398"
	EndProjectSection
	ProjectSection(WebsiteProperties) = preProject
		Debug.AspNetCompiler.Debug = "True"
		Debug.AspNetCompiler.FixedNames = "false"
		Debug.AspNetCompiler.ForceOverwrite = "true"
		Debug.AspNetCompiler.PhysicalPath = "DashApplicationSite\"
		Debug.AspNetCompiler.TargetPath = "PrecompiledWeb\DashApplicationSite\"
		Debug.AspNetCompiler.Updateable = "true"
		Debug.AspNetCompiler.VirtualPath = "/DashApplicationSite"
		ProjOutputReferences = "{CA449DEA-C5CF-4D41-9A94-3583DE98415F}|ClientBin|false;"
		Release.AspNetCompiler.Debug = "False"
		Release.AspNetCompiler.FixedNames = "false"
		Release.AspNetCompiler.ForceOverwrite = "true"
		Release.AspNetCompiler.PhysicalPath = "DashApplicationSite\"
		Release.AspNetCompiler.TargetPath = "PrecompiledWeb\DashApplicationSite\"
		Release.AspNetCompiler.Updateable = "true"
		Release.AspNetCompiler.VirtualPath = "/DashApplicationSite"
		TargetFrameworkMoniker = ".NETFramework,Version%3Dv4.0"
		VWDPort = "3580"
	EndProjectSection
	ProjectSection(WebsiteProperties) = preProject
		Debug.AspNetCompiler.Debug = "True"
		Debug.AspNetCompiler.FixedNames = "false"
		Debug.AspNetCompiler.ForceOverwrite = "true"
		Debug.AspNetCompiler.PhysicalPath = "DashApplicationSite\"
		Debug.AspNetCompiler.TargetPath = "PrecompiledWeb\DashApplicationSite\"
		Debug.AspNetCompiler.Updateable = "true"
		Debug.AspNetCompiler.VirtualPath = "/DashApplicationSite"
		ProjOutputReferences = "{ca449dea-c5cf-4d41-9a94-3583de98415f}|ClientBin|false;"
		Release.AspNetCompiler.Debug = "False"
		Release.AspNetCompiler.FixedNames = "false"
		Release.AspNetCompiler.ForceOverwrite = "true"
		Release.AspNetCompiler.PhysicalPath = "DashApplicationSite\"
		Release.AspNetCompiler.TargetPath = "PrecompiledWeb\DashApplicationSite\"
		Release.AspNetCompiler.Updateable = "true"
		Release.AspNetCompiler.VirtualPath = "/DashApplicationSite"
		TargetFrameworkMoniker = ".NETFramework,Version%3Dv4.0"
		VWDPort = "53341"
	EndProjectSection
	ProjectSection(WebsiteProperties) = preProject
		Debug.AspNetCompiler.Debug = "True"
		Debug.AspNetCompiler.FixedNames = "false"
		Debug.AspNetCompiler.ForceOverwrite = "true"
		Debug.AspNetCompiler.PhysicalPath = "DashApplicationSite\"
		Debug.AspNetCompiler.TargetPath = "PrecompiledWeb\DashApplicationSite\"
		Debug.AspNetCompiler.Updateable = "true"
		Debug.AspNetCompiler.VirtualPath = "/DashApplicationSite"
		ProjOutputReferences = "{ca449dea-c5cf-4d41-9a94-3583de98415f}|ClientBin|false;"
		Release.AspNetCompiler.Debug = "False"
		Release.AspNetCompiler.FixedNames = "false"
		Release.AspNetCompiler.ForceOverwrite = "true"
		Release.AspNetCompiler.PhysicalPath = "DashApplicationSite\"
		Release.AspNetCompiler.TargetPath = "PrecompiledWeb\DashApplicationSite\"
		Release.AspNetCompiler.Updateable = "true"
		Release.AspNetCompiler.VirtualPath = "/DashApplicationSite"
		TargetFrameworkMoniker = ".NETFramework,Version%3Dv4.0"
		VWDPort = "42195"
	EndProjectSection
	ProjectSection(WebsiteProperties) = preProject
		Debug.AspNetCompiler.Debug = "True"
		Debug.AspNetCompiler.FixedNames = "false"
		Debug.AspNetCompiler.ForceOverwrite = "true"
		Debug.AspNetCompiler.PhysicalPath = "DashApplicationSite\"
		Debug.AspNetCompiler.TargetPath = "PrecompiledWeb\DashApplicationSite\"
		Debug.AspNetCompiler.Updateable = "true"
		Debug.AspNetCompiler.VirtualPath = "/DashApplicationSite"
		ProjOutputReferences = "{ca449dea-c5cf-4d41-9a94-3583de98415f}|ClientBin|false;"
		Release.AspNetCompiler.Debug = "False"
		Release.AspNetCompiler.FixedNames = "false"
		Release.AspNetCompiler.ForceOverwrite = "true"
		Release.AspNetCompiler.PhysicalPath = "DashApplicationSite\"
		Release.AspNetCompiler.TargetPath = "PrecompiledWeb\DashApplicationSite\"
		Release.AspNetCompiler.Updateable = "true"
		Release.AspNetCompiler.VirtualPath = "/DashApplicationSite"
		TargetFrameworkMoniker = ".NETFramework,Version%3Dv4.0"
		VWDPort = "3580"
	EndProjectSection
	ProjectSection(WebsiteProperties) = preProject
		Debug.AspNetCompiler.Debug = "True"
		Debug.AspNetCompiler.FixedNames = "false"
		Debug.AspNetCompiler.ForceOverwrite = "true"
		Debug.AspNetCompiler.PhysicalPath = "DashApplicationSite\"
		Debug.AspNetCompiler.TargetPath = "PrecompiledWeb\DashApplicationSite\"
		Debug.AspNetCompiler.Updateable = "true"
		Debug.AspNetCompiler.VirtualPath = "/DashApplicationSite"
		ProjOutputReferences = "{ca449dea-c5cf-4d41-9a94-3583de98415f}|ClientBin|false;"
		Release.AspNetCompiler.Debug = "False"
		Release.AspNetCompiler.FixedNames = "false"
		Release.AspNetCompiler.ForceOverwrite = "true"
		Release.AspNetCompiler.PhysicalPath = "DashApplicationSite\"
		Release.AspNetCompiler.TargetPath = "PrecompiledWeb\DashApplicationSite\"
		Release.AspNetCompiler.Updateable = "true"
		Release.AspNetCompiler.VirtualPath = "/DashApplicationSite"
		TargetFrameworkMoniker = ".NETFramework,Version%3Dv4.0"
		VWDPort = "44485"
	EndProjectSection
	ProjectSection(WebsiteProperties) = preProject
		Debug.AspNetCompiler.Debug = "True"
		Debug.AspNetCompiler.FixedNames = "false"
		Debug.AspNetCompiler.ForceOverwrite = "true"
		Debug.AspNetCompiler.PhysicalPath = "DashApplicationSite\"
		Debug.AspNetCompiler.TargetPath = "PrecompiledWeb\DashApplicationSite\"
		Debug.AspNetCompiler.Updateable = "true"
		Debug.AspNetCompiler.VirtualPath = "/DashApplicationSite"
		ProjOutputReferences = "{ca449dea-c5cf-4d41-9a94-3583de98415f}|ClientBin|false;"
		Release.AspNetCompiler.Debug = "False"
		Release.AspNetCompiler.FixedNames = "false"
		Release.AspNetCompiler.ForceOverwrite = "true"
		Release.AspNetCompiler.PhysicalPath = "DashApplicationSite\"
		Release.AspNetCompiler.TargetPath = "PrecompiledWeb\DashApplicationSite\"
		Release.AspNetCompiler.Updateable = "true"
		Release.AspNetCompiler.VirtualPath = "/DashApplicationSite"
		TargetFrameworkMoniker = ".NETFramework,Version%3Dv4.0"
		VWDPort = "41216"
	EndProjectSection
	ProjectSection(WebsiteProperties) = preProject
		Debug.AspNetCompiler.Debug = "True"
		Debug.AspNetCompiler.FixedNames = "false"
		Debug.AspNetCompiler.ForceOverwrite = "true"
		Debug.AspNetCompiler.PhysicalPath = "DashApplicationSite\"
		Debug.AspNetCompiler.TargetPath = "PrecompiledWeb\DashApplicationSite\"
		Debug.AspNetCompiler.Updateable = "true"
		Debug.AspNetCompiler.VirtualPath = "/DashApplicationSite"
		ProjOutputReferences = "{ca449dea-c5cf-4d41-9a94-3583de98415f}|ClientBin|false;"
		Release.AspNetCompiler.Debug = "False"
		Release.AspNetCompiler.FixedNames = "false"
		Release.AspNetCompiler.ForceOverwrite = "true"
		Release.AspNetCompiler.PhysicalPath = "DashApplicationSite\"
		Release.AspNetCompiler.TargetPath = "PrecompiledWeb\DashApplicationSite\"
		Release.AspNetCompiler.Updateable = "true"
		Release.AspNetCompiler.VirtualPath = "/DashApplicationSite"
		TargetFrameworkMoniker = ".NETFramework,Version%3Dv4.0"
		VWDPort = "29251"
	EndProjectSection
	ProjectSection(WebsiteProperties) = preProject
		Debug.AspNetCompiler.Debug = "True"
		Debug.AspNetCompiler.FixedNames = "false"
		Debug.AspNetCompiler.ForceOverwrite = "true"
		Debug.AspNetCompiler.PhysicalPath = "DashApplicationSite\"
		Debug.AspNetCompiler.TargetPath = "PrecompiledWeb\DashApplicationSite\"
		Debug.AspNetCompiler.Updateable = "true"
		Debug.AspNetCompiler.VirtualPath = "/DashApplicationSite"
		ProjOutputReferences = "{ca449dea-c5cf-4d41-9a94-3583de98415f}|ClientBin|false;"
		Release.AspNetCompiler.Debug = "False"
		Release.AspNetCompiler.FixedNames = "false"
		Release.AspNetCompiler.ForceOverwrite = "true"
		Release.AspNetCompiler.PhysicalPath = "DashApplicationSite\"
		Release.AspNetCompiler.TargetPath = "PrecompiledWeb\DashApplicationSite\"
		Release.AspNetCompiler.Updateable = "true"
		Release.AspNetCompiler.VirtualPath = "/DashApplicationSite"
		TargetFrameworkMoniker = ".NETFramework,Version%3Dv4.0"
		VWDPort = "35900"
	EndProjectSection
	ProjectSection(WebsiteProperties) = preProject
		Debug.AspNetCompiler.Debug = "True"
		Debug.AspNetCompiler.FixedNames = "false"
		Debug.AspNetCompiler.ForceOverwrite = "true"
		Debug.AspNetCompiler.PhysicalPath = "DashApplicationSite\"
		Debug.AspNetCompiler.TargetPath = "PrecompiledWeb\DashApplicationSite\"
		Debug.AspNetCompiler.Updateable = "true"
		Debug.AspNetCompiler.VirtualPath = "/DashApplicationSite"
		ProjOutputReferences = "{ca449dea-c5cf-4d41-9a94-3583de98415f}|ClientBin|false;"
		Release.AspNetCompiler.Debug = "False"
		Release.AspNetCompiler.FixedNames = "false"
		Release.AspNetCompiler.ForceOverwrite = "true"
		Release.AspNetCompiler.PhysicalPath = "DashApplicationSite\"
		Release.AspNetCompiler.TargetPath = "PrecompiledWeb\DashApplicationSite\"
		Release.AspNetCompiler.Updateable = "true"
		Release.AspNetCompiler.VirtualPath = "/DashApplicationSite"
		TargetFrameworkMoniker = ".NETFramework,Version%3Dv4.0"
		VWDPort = "35683"
	EndProjectSection
	ProjectSection(WebsiteProperties) = preProject
		Debug.AspNetCompiler.Debug = "True"
		Debug.AspNetCompiler.FixedNames = "false"
		Debug.AspNetCompiler.ForceOverwrite = "true"
		Debug.AspNetCompiler.PhysicalPath = "DashApplicationSite\"
		Debug.AspNetCompiler.TargetPath = "PrecompiledWeb\DashApplicationSite\"
		Debug.AspNetCompiler.Updateable = "true"
		Debug.AspNetCompiler.VirtualPath = "/DashApplicationSite"
		ProjOutputReferences = "{ca449dea-c5cf-4d41-9a94-3583de98415f}|ClientBin|false;"
		Release.AspNetCompiler.Debug = "False"
		Release.AspNetCompiler.FixedNames = "false"
		Release.AspNetCompiler.ForceOverwrite = "true"
		Release.AspNetCompiler.PhysicalPath = "DashApplicationSite\"
		Release.AspNetCompiler.TargetPath = "PrecompiledWeb\DashApplicationSite\"
		Release.AspNetCompiler.Updateable = "true"
		Release.AspNetCompiler.VirtualPath = "/DashApplicationSite"
		TargetFrameworkMoniker = ".NETFramework,Version%3Dv4.0"
		VWDPort = "34025"
	EndProjectSection
	ProjectSection(WebsiteProperties) = preProject
		Debug.AspNetCompiler.Debug = "True"
		Debug.AspNetCompiler.FixedNames = "false"
		Debug.AspNetCompiler.ForceOverwrite = "true"
		Debug.AspNetCompiler.PhysicalPath = "DashApplicationSite\"
		Debug.AspNetCompiler.TargetPath = "PrecompiledWeb\DashApplicationSite\"
		Debug.AspNetCompiler.Updateable = "true"
		Debug.AspNetCompiler.VirtualPath = "/DashApplicationSite"
		ProjOutputReferences = "{ca449dea-c5cf-4d41-9a94-3583de98415f}|ClientBin|false;"
		Release.AspNetCompiler.Debug = "False"
		Release.AspNetCompiler.FixedNames = "false"
		Release.AspNetCompiler.ForceOverwrite = "true"
		Release.AspNetCompiler.PhysicalPath = "DashApplicationSite\"
		Release.AspNetCompiler.TargetPath = "PrecompiledWeb\DashApplicationSite\"
		Release.AspNetCompiler.Updateable = "true"
		Release.AspNetCompiler.VirtualPath = "/DashApplicationSite"
		TargetFrameworkMoniker = ".NETFramework,Version%3Dv4.0"
		VWDPort = "20039"
	EndProjectSection
	ProjectSection(WebsiteProperties) = preProject
		Debug.AspNetCompiler.Debug = "True"
		Debug.AspNetCompiler.FixedNames = "false"
		Debug.AspNetCompiler.ForceOverwrite = "true"
		Debug.AspNetCompiler.PhysicalPath = "DashApplicationSite\"
		Debug.AspNetCompiler.TargetPath = "PrecompiledWeb\DashApplicationSite\"
		Debug.AspNetCompiler.Updateable = "true"
		Debug.AspNetCompiler.VirtualPath = "/DashApplicationSite"
		ProjOutputReferences = "{ca449dea-c5cf-4d41-9a94-3583de98415f}|ClientBin|false;"
		Release.AspNetCompiler.Debug = "False"
		Release.AspNetCompiler.FixedNames = "false"
		Release.AspNetCompiler.ForceOverwrite = "true"
		Release.AspNetCompiler.PhysicalPath = "DashApplicationSite\"
		Release.AspNetCompiler.TargetPath = "PrecompiledWeb\DashApplicationSite\"
		Release.AspNetCompiler.Updateable = "true"
		Release.AspNetCompiler.VirtualPath = "/DashApplicationSite"
		TargetFrameworkMoniker = ".NETFramework,Version%3Dv4.0"
		VWDPort = "3580"
	EndProjectSection
EndProject
Project("{FAE04EC0-301F-11D3-BF4B-00C04F79EFBC}") = "DashApplication", "DashApplication\DashApplication.csproj", "{CA449DEA-C5CF-4D41-9A94-3583DE98415F}"
EndProject
Global
	GlobalSection(SolutionConfigurationPlatforms) = preSolution
		Debug|Any CPU = Debug|Any CPU
		Release|Any CPU = Release|Any CPU
	EndGlobalSection
	GlobalSection(ProjectConfigurationPlatforms) = postSolution
		{CA449DEA-C5CF-4D41-9A94-3583DE98415F}.Debug|Any CPU.ActiveCfg = Debug|Any CPU
		{CA449DEA-C5CF-4D41-9A94-3583DE98415F}.Debug|Any CPU.Build.0 = Debug|Any CPU
		{CA449DEA-C5CF-4D41-9A94-3583DE98415F}.Release|Any CPU.ActiveCfg = Release|Any CPU
		{CA449DEA-C5CF-4D41-9A94-3583DE98415F}.Release|Any CPU.Build.0 = Release|Any CPU
		{E0EB23F5-5076-4698-94A0-585E5EDAE695}.Debug|Any CPU.ActiveCfg = Debug|Any CPU
		{E0EB23F5-5076-4698-94A0-585E5EDAE695}.Debug|Any CPU.Build.0 = Debug|Any CPU
		{E0EB23F5-5076-4698-94A0-585E5EDAE695}.Release|Any CPU.ActiveCfg = Debug|Any CPU
		{E0EB23F5-5076-4698-94A0-585E5EDAE695}.Release|Any CPU.Build.0 = Debug|Any CPU
	EndGlobalSection
	GlobalSection(SolutionProperties) = preSolution
		HideSolutionNode = FALSE
	EndGlobalSection
EndGlobal
