
Microsoft Visual Studio Solution File, Format Version 11.00
# Visual Studio 2010
Project("{FAE04EC0-301F-11D3-BF4B-00C04F79EFBC}") = "StockLoan.LocatesClient", "StockLoan.LocatesClient\StockLoan.LocatesClient.csproj", "{33C29983-0160-47BB-A375-27878A47D5AA}"
EndProject
Project("{FAE04EC0-301F-11D3-BF4B-00C04F79EFBC}") = "Common", "..\Common\Common.csproj", "{51D7F048-02E1-49F8-BA33-743E3E5373F7}"
EndProject
Project("{FAE04EC0-301F-11D3-BF4B-00C04F79EFBC}") = "StockLoan.Locates", "StockLoan.Locates\StockLoan.Locates.csproj", "{FE144602-5738-4F04-9F02-561E49DC8C5F}"
EndProject
Global
	GlobalSection(SolutionConfigurationPlatforms) = preSolution
		Debug|Any CPU = Debug|Any CPU
		Release|Any CPU = Release|Any CPU
	EndGlobalSection
	GlobalSection(ProjectConfigurationPlatforms) = postSolution
		{33C29983-0160-47BB-A375-27878A47D5AA}.Debug|Any CPU.ActiveCfg = Debug|Any CPU
		{33C29983-0160-47BB-A375-27878A47D5AA}.Debug|Any CPU.Build.0 = Debug|Any CPU
		{33C29983-0160-47BB-A375-27878A47D5AA}.Release|Any CPU.ActiveCfg = Release|Any CPU
		{33C29983-0160-47BB-A375-27878A47D5AA}.Release|Any CPU.Build.0 = Release|Any CPU
		{51D7F048-02E1-49F8-BA33-743E3E5373F7}.Debug|Any CPU.ActiveCfg = Debug|Any CPU
		{51D7F048-02E1-49F8-BA33-743E3E5373F7}.Debug|Any CPU.Build.0 = Debug|Any CPU
		{51D7F048-02E1-49F8-BA33-743E3E5373F7}.Release|Any CPU.ActiveCfg = Release|Any CPU
		{51D7F048-02E1-49F8-BA33-743E3E5373F7}.Release|Any CPU.Build.0 = Release|Any CPU
		{FE144602-5738-4F04-9F02-561E49DC8C5F}.Debug|Any CPU.ActiveCfg = Debug|Any CPU
		{FE144602-5738-4F04-9F02-561E49DC8C5F}.Debug|Any CPU.Build.0 = Debug|Any CPU
		{FE144602-5738-4F04-9F02-561E49DC8C5F}.Release|Any CPU.ActiveCfg = Release|Any CPU
		{FE144602-5738-4F04-9F02-561E49DC8C5F}.Release|Any CPU.Build.0 = Release|Any CPU
	EndGlobalSection
	GlobalSection(SolutionProperties) = preSolution
		HideSolutionNode = FALSE
	EndGlobalSection
EndGlobal
