
Microsoft Visual Studio Solution File, Format Version 9.00
# Visual Studio 2005
Project("{FAE04EC0-301F-11D3-BF4B-00C04F79EFBC}") = "MedalistServer", "MedalistServer.csproj", "{DB3234F9-404D-4297-8A94-35E9536F0348}"
EndProject
Global
	GlobalSection(SolutionConfigurationPlatforms) = preSolution
		Debug|Any CPU = Debug|Any CPU
		Release|Any CPU = Release|Any CPU
	EndGlobalSection
	GlobalSection(ProjectConfigurationPlatforms) = postSolution
		{DB3234F9-404D-4297-8A94-35E9536F0348}.Debug|Any CPU.ActiveCfg = Debug|Any CPU
		{DB3234F9-404D-4297-8A94-35E9536F0348}.Debug|Any CPU.Build.0 = Debug|Any CPU
		{DB3234F9-404D-4297-8A94-35E9536F0348}.Release|Any CPU.ActiveCfg = Release|Any CPU
		{DB3234F9-404D-4297-8A94-35E9536F0348}.Release|Any CPU.Build.0 = Release|Any CPU
	EndGlobalSection
	GlobalSection(SolutionProperties) = preSolution
		HideSolutionNode = FALSE
	EndGlobalSection
EndGlobal
