
Microsoft Visual Studio Solution File, Format Version 11.00
# Visual Studio 2010
Project("{FAE04EC0-301F-11D3-BF4B-00C04F79EFBC}") = "StockLoanWebServices", "StockLoanWebServices\StockLoanWebServices.csproj", "{E461AB52-0A52-4B42-80F9-DD84619B763A}"
EndProject
Project("{FAE04EC0-301F-11D3-BF4B-00C04F79EFBC}") = "Common", "..\Common\Common.csproj", "{51D7F048-02E1-49F8-BA33-743E3E5373F7}"
EndProject
Global
	GlobalSection(SolutionConfigurationPlatforms) = preSolution
		Debug|Any CPU = Debug|Any CPU
		Release|Any CPU = Release|Any CPU
	EndGlobalSection
	GlobalSection(ProjectConfigurationPlatforms) = postSolution
		{E461AB52-0A52-4B42-80F9-DD84619B763A}.Debug|Any CPU.ActiveCfg = Debug|Any CPU
		{E461AB52-0A52-4B42-80F9-DD84619B763A}.Debug|Any CPU.Build.0 = Debug|Any CPU
		{E461AB52-0A52-4B42-80F9-DD84619B763A}.Release|Any CPU.ActiveCfg = Release|Any CPU
		{E461AB52-0A52-4B42-80F9-DD84619B763A}.Release|Any CPU.Build.0 = Release|Any CPU
		{51D7F048-02E1-49F8-BA33-743E3E5373F7}.Debug|Any CPU.ActiveCfg = Debug|Any CPU
		{51D7F048-02E1-49F8-BA33-743E3E5373F7}.Debug|Any CPU.Build.0 = Debug|Any CPU
		{51D7F048-02E1-49F8-BA33-743E3E5373F7}.Release|Any CPU.ActiveCfg = Release|Any CPU
		{51D7F048-02E1-49F8-BA33-743E3E5373F7}.Release|Any CPU.Build.0 = Release|Any CPU
	EndGlobalSection
	GlobalSection(SolutionProperties) = preSolution
		HideSolutionNode = FALSE
	EndGlobalSection
EndGlobal
