
Microsoft Visual Studio Solution File, Format Version 11.00
# Visual Studio 2010
Project("{FAE04EC0-301F-11D3-BF4B-00C04F79EFBC}") = "PirumRibbonApplication", "PirumRibbonApplication\PirumRibbonApplication.csproj", "{B4F63C57-8789-49C6-97DB-25E7FA3BD77C}"
EndProject
Global
	GlobalSection(SolutionConfigurationPlatforms) = preSolution
		Debug|Any CPU = Debug|Any CPU
		Release|Any CPU = Release|Any CPU
	EndGlobalSection
	GlobalSection(ProjectConfigurationPlatforms) = postSolution
		{B4F63C57-8789-49C6-97DB-25E7FA3BD77C}.Debug|Any CPU.ActiveCfg = Debug|Any CPU
		{B4F63C57-8789-49C6-97DB-25E7FA3BD77C}.Debug|Any CPU.Build.0 = Debug|Any CPU
		{B4F63C57-8789-49C6-97DB-25E7FA3BD77C}.Release|Any CPU.ActiveCfg = Release|Any CPU
		{B4F63C57-8789-49C6-97DB-25E7FA3BD77C}.Release|Any CPU.Build.0 = Release|Any CPU
	EndGlobalSection
	GlobalSection(SolutionProperties) = preSolution
		HideSolutionNode = FALSE
	EndGlobalSection
EndGlobal
