Microsoft Visual Studio Solution File, Format Version 8.00
Project("{FAE04EC0-301F-11D3-BF4B-00C04F79EFBC}") = "PensonService", "PensonService.csproj", "{1D9E3AB3-DEDE-4839-AB6D-9C4274F6F3AA}"
	ProjectSection(ProjectDependencies) = postProject
	EndProjectSection
EndProject
Project("{FAE04EC0-301F-11D3-BF4B-00C04F79EFBC}") = "Penson", "..\Penson\Penson.csproj", "{251303AF-5F5A-4FDA-8600-9D78E151CCED}"
	ProjectSection(ProjectDependencies) = postProject
	EndProjectSection
EndProject
Project("{FAE04EC0-301F-11D3-BF4B-00C04F79EFBC}") = "Common", "..\Common\Common.csproj", "{51D7F048-02E1-49F8-BA33-743E3E5373F7}"
	ProjectSection(ProjectDependencies) = postProject
	EndProjectSection
EndProject
Global
	GlobalSection(SolutionConfiguration) = preSolution
		Debug = Debug
		Release = Release
	EndGlobalSection
	GlobalSection(ProjectConfiguration) = postSolution
		{1D9E3AB3-DEDE-4839-AB6D-9C4274F6F3AA}.Debug.ActiveCfg = Debug|.NET
		{1D9E3AB3-DEDE-4839-AB6D-9C4274F6F3AA}.Debug.Build.0 = Debug|.NET
		{1D9E3AB3-DEDE-4839-AB6D-9C4274F6F3AA}.Release.ActiveCfg = Release|.NET
		{1D9E3AB3-DEDE-4839-AB6D-9C4274F6F3AA}.Release.Build.0 = Release|.NET
		{251303AF-5F5A-4FDA-8600-9D78E151CCED}.Debug.ActiveCfg = Debug|.NET
		{251303AF-5F5A-4FDA-8600-9D78E151CCED}.Debug.Build.0 = Debug|.NET
		{251303AF-5F5A-4FDA-8600-9D78E151CCED}.Release.ActiveCfg = Release|.NET
		{251303AF-5F5A-4FDA-8600-9D78E151CCED}.Release.Build.0 = Release|.NET
		{51D7F048-02E1-49F8-BA33-743E3E5373F7}.Debug.ActiveCfg = Debug|.NET
		{51D7F048-02E1-49F8-BA33-743E3E5373F7}.Debug.Build.0 = Debug|.NET
		{51D7F048-02E1-49F8-BA33-743E3E5373F7}.Release.ActiveCfg = Release|.NET
		{51D7F048-02E1-49F8-BA33-743E3E5373F7}.Release.Build.0 = Release|.NET
	EndGlobalSection
	GlobalSection(ExtensibilityGlobals) = postSolution
	EndGlobalSection
	GlobalSection(ExtensibilityAddIns) = postSolution
	EndGlobalSection
EndGlobal
