
Microsoft Visual Studio Solution File, Format Version 11.00
# Visual Studio 2010
Project("{FAE04EC0-301F-11D3-BF4B-00C04F79EFBC}") = "WorldWideEncrypt", "WorldWideEncrypt.csproj", "{13FDC225-FD4B-40BF-ADDC-46E33BDB5118}"
EndProject
Global
	GlobalSection(SolutionConfigurationPlatforms) = preSolution
		Debug|Any CPU = Debug|Any CPU
		Release|Any CPU = Release|Any CPU
	EndGlobalSection
	GlobalSection(ProjectConfigurationPlatforms) = postSolution
		{13FDC225-FD4B-40BF-ADDC-46E33BDB5118}.Debug|Any CPU.ActiveCfg = Debug|Any CPU
		{13FDC225-FD4B-40BF-ADDC-46E33BDB5118}.Debug|Any CPU.Build.0 = Debug|Any CPU
		{13FDC225-FD4B-40BF-ADDC-46E33BDB5118}.Release|Any CPU.ActiveCfg = Release|Any CPU
		{13FDC225-FD4B-40BF-ADDC-46E33BDB5118}.Release|Any CPU.Build.0 = Release|Any CPU
	EndGlobalSection
	GlobalSection(SolutionProperties) = preSolution
		HideSolutionNode = FALSE
	EndGlobalSection
EndGlobal
