
Microsoft Visual Studio Solution File, Format Version 11.00
# Visual Studio 2010
Project("{FAE04EC0-301F-11D3-BF4B-00C04F79EFBC}") = "S3_Pending_Trades", "S3_Pending_Trades\S3_Pending_Trades.csproj", "{266207DA-B8F4-4F80-BAE6-C98985BF93F2}"
EndProject
Project("{FAE04EC0-301F-11D3-BF4B-00C04F79EFBC}") = "Common", "..\Common\Common.csproj", "{51D7F048-02E1-49F8-BA33-743E3E5373F7}"
EndProject
Global
	GlobalSection(SolutionConfigurationPlatforms) = preSolution
		Debug|Any CPU = Debug|Any CPU
		Debug|Mixed Platforms = Debug|Mixed Platforms
		Debug|x86 = Debug|x86
		Release|Any CPU = Release|Any CPU
		Release|Mixed Platforms = Release|Mixed Platforms
		Release|x86 = Release|x86
	EndGlobalSection
	GlobalSection(ProjectConfigurationPlatforms) = postSolution
		{266207DA-B8F4-4F80-BAE6-C98985BF93F2}.Debug|Any CPU.ActiveCfg = Debug|x86
		{266207DA-B8F4-4F80-BAE6-C98985BF93F2}.Debug|Mixed Platforms.ActiveCfg = Debug|x86
		{266207DA-B8F4-4F80-BAE6-C98985BF93F2}.Debug|Mixed Platforms.Build.0 = Debug|x86
		{266207DA-B8F4-4F80-BAE6-C98985BF93F2}.Debug|x86.ActiveCfg = Debug|x86
		{266207DA-B8F4-4F80-BAE6-C98985BF93F2}.Debug|x86.Build.0 = Debug|x86
		{266207DA-B8F4-4F80-BAE6-C98985BF93F2}.Release|Any CPU.ActiveCfg = Release|x86
		{266207DA-B8F4-4F80-BAE6-C98985BF93F2}.Release|Mixed Platforms.ActiveCfg = Release|x86
		{266207DA-B8F4-4F80-BAE6-C98985BF93F2}.Release|Mixed Platforms.Build.0 = Release|x86
		{266207DA-B8F4-4F80-BAE6-C98985BF93F2}.Release|x86.ActiveCfg = Release|x86
		{266207DA-B8F4-4F80-BAE6-C98985BF93F2}.Release|x86.Build.0 = Release|x86
		{51D7F048-02E1-49F8-BA33-743E3E5373F7}.Debug|Any CPU.ActiveCfg = Debug|Any CPU
		{51D7F048-02E1-49F8-BA33-743E3E5373F7}.Debug|Any CPU.Build.0 = Debug|Any CPU
		{51D7F048-02E1-49F8-BA33-743E3E5373F7}.Debug|Mixed Platforms.ActiveCfg = Debug|Any CPU
		{51D7F048-02E1-49F8-BA33-743E3E5373F7}.Debug|Mixed Platforms.Build.0 = Debug|Any CPU
		{51D7F048-02E1-49F8-BA33-743E3E5373F7}.Debug|x86.ActiveCfg = Debug|Any CPU
		{51D7F048-02E1-49F8-BA33-743E3E5373F7}.Release|Any CPU.ActiveCfg = Release|Any CPU
		{51D7F048-02E1-49F8-BA33-743E3E5373F7}.Release|Any CPU.Build.0 = Release|Any CPU
		{51D7F048-02E1-49F8-BA33-743E3E5373F7}.Release|Mixed Platforms.ActiveCfg = Release|Any CPU
		{51D7F048-02E1-49F8-BA33-743E3E5373F7}.Release|Mixed Platforms.Build.0 = Release|Any CPU
		{51D7F048-02E1-49F8-BA33-743E3E5373F7}.Release|x86.ActiveCfg = Release|Any CPU
	EndGlobalSection
	GlobalSection(SolutionProperties) = preSolution
		HideSolutionNode = FALSE
	EndGlobalSection
EndGlobal
